
Microsoft Visual Studio Solution File, Format Version 12.00
# Visual Studio Version 17
VisualStudioVersion = 17.6.33829.357
MinimumVisualStudioVersion = 10.0.40219.1
Project("{FAE04EC0-301F-11D3-BF4B-00C04F79EFBC}") = "PhoneBook", "PhoneBook\PhoneBook.csproj", "{49CD91F1-7C15-4648-9970-87334B0AACDC}"
EndProject
Global
	GlobalSection(SolutionConfigurationPlatforms) = preSolution
		Debug|Any CPU = Debug|Any CPU
		Release|Any CPU = Release|Any CPU
	EndGlobalSection
	GlobalSection(ProjectConfigurationPlatforms) = postSolution
		{49CD91F1-7C15-4648-9970-87334B0AACDC}.Debug|Any CPU.ActiveCfg = Debug|Any CPU
		{49CD91F1-7C15-4648-9970-87334B0AACDC}.Debug|Any CPU.Build.0 = Debug|Any CPU
		{49CD91F1-7C15-4648-9970-87334B0AACDC}.Release|Any CPU.ActiveCfg = Release|Any CPU
		{49CD91F1-7C15-4648-9970-87334B0AACDC}.Release|Any CPU.Build.0 = Release|Any CPU
	EndGlobalSection
	GlobalSection(SolutionProperties) = preSolution
		HideSolutionNode = FALSE
	EndGlobalSection
	GlobalSection(ExtensibilityGlobals) = postSolution
		SolutionGuid = {EAC5FCBE-8B95-408B-B298-343BC9EAF658}
	EndGlobalSection
EndGlobal
