
Microsoft Visual Studio Solution File, Format Version 12.00
# Visual Studio Version 17
VisualStudioVersion = 17.6.33723.286
MinimumVisualStudioVersion = 10.0.40219.1
Project("{FAE04EC0-301F-11D3-BF4B-00C04F79EFBC}") = "Assignment1-Exercise3", "Assignment1-Exercise3\Assignment1-Exercise3.csproj", "{CCA33CF1-9DF1-49F1-8EDA-8DE4555C9CA8}"
EndProject
Global
	GlobalSection(SolutionConfigurationPlatforms) = preSolution
		Debug|Any CPU = Debug|Any CPU
		Release|Any CPU = Release|Any CPU
	EndGlobalSection
	GlobalSection(ProjectConfigurationPlatforms) = postSolution
		{CCA33CF1-9DF1-49F1-8EDA-8DE4555C9CA8}.Debug|Any CPU.ActiveCfg = Debug|Any CPU
		{CCA33CF1-9DF1-49F1-8EDA-8DE4555C9CA8}.Debug|Any CPU.Build.0 = Debug|Any CPU
		{CCA33CF1-9DF1-49F1-8EDA-8DE4555C9CA8}.Release|Any CPU.ActiveCfg = Release|Any CPU
		{CCA33CF1-9DF1-49F1-8EDA-8DE4555C9CA8}.Release|Any CPU.Build.0 = Release|Any CPU
	EndGlobalSection
	GlobalSection(SolutionProperties) = preSolution
		HideSolutionNode = FALSE
	EndGlobalSection
	GlobalSection(ExtensibilityGlobals) = postSolution
		SolutionGuid = {8442A06A-A060-40A3-A3A9-5C4A1DC3012B}
	EndGlobalSection
EndGlobal
