
Microsoft Visual Studio Solution File, Format Version 12.00
# Visual Studio Version 17
VisualStudioVersion = 17.6.33723.286
MinimumVisualStudioVersion = 10.0.40219.1
Project("{FAE04EC0-301F-11D3-BF4B-00C04F79EFBC}") = "Assignment1-Exercise2", "Assignment1-Exercise2\Assignment1-Exercise2.csproj", "{ADCEC478-6910-401F-A846-254C63708445}"
EndProject
Global
	GlobalSection(SolutionConfigurationPlatforms) = preSolution
		Debug|Any CPU = Debug|Any CPU
		Release|Any CPU = Release|Any CPU
	EndGlobalSection
	GlobalSection(ProjectConfigurationPlatforms) = postSolution
		{ADCEC478-6910-401F-A846-254C63708445}.Debug|Any CPU.ActiveCfg = Debug|Any CPU
		{ADCEC478-6910-401F-A846-254C63708445}.Debug|Any CPU.Build.0 = Debug|Any CPU
		{ADCEC478-6910-401F-A846-254C63708445}.Release|Any CPU.ActiveCfg = Release|Any CPU
		{ADCEC478-6910-401F-A846-254C63708445}.Release|Any CPU.Build.0 = Release|Any CPU
	EndGlobalSection
	GlobalSection(SolutionProperties) = preSolution
		HideSolutionNode = FALSE
	EndGlobalSection
	GlobalSection(ExtensibilityGlobals) = postSolution
		SolutionGuid = {9B11DD1F-F986-46D1-8827-3EDEDE7E8811}
	EndGlobalSection
EndGlobal
