
Microsoft Visual Studio Solution File, Format Version 12.00
# Visual Studio Version 17
VisualStudioVersion = 17.6.33829.357
MinimumVisualStudioVersion = 10.0.40219.1
Project("{FAE04EC0-301F-11D3-BF4B-00C04F79EFBC}") = "Lab13", "Lab13\Lab13.csproj", "{0A122AD5-0FC4-4085-A462-DB13FF360758}"
EndProject
Global
	GlobalSection(SolutionConfigurationPlatforms) = preSolution
		Debug|Any CPU = Debug|Any CPU
		Release|Any CPU = Release|Any CPU
	EndGlobalSection
	GlobalSection(ProjectConfigurationPlatforms) = postSolution
		{0A122AD5-0FC4-4085-A462-DB13FF360758}.Debug|Any CPU.ActiveCfg = Debug|Any CPU
		{0A122AD5-0FC4-4085-A462-DB13FF360758}.Debug|Any CPU.Build.0 = Debug|Any CPU
		{0A122AD5-0FC4-4085-A462-DB13FF360758}.Release|Any CPU.ActiveCfg = Release|Any CPU
		{0A122AD5-0FC4-4085-A462-DB13FF360758}.Release|Any CPU.Build.0 = Release|Any CPU
	EndGlobalSection
	GlobalSection(SolutionProperties) = preSolution
		HideSolutionNode = FALSE
	EndGlobalSection
	GlobalSection(ExtensibilityGlobals) = postSolution
		SolutionGuid = {9A78CA32-269F-4BBD-B9D1-D39C38190DFA}
	EndGlobalSection
EndGlobal
