
Microsoft Visual Studio Solution File, Format Version 12.00
# Visual Studio Version 17
VisualStudioVersion = 17.6.33829.357
MinimumVisualStudioVersion = 10.0.40219.1
Project("{FAE04EC0-301F-11D3-BF4B-00C04F79EFBC}") = "Assignment3", "Assignment3\Assignment3.csproj", "{02087516-9C6D-43FD-A216-9BA56DF3532E}"
EndProject
Global
	GlobalSection(SolutionConfigurationPlatforms) = preSolution
		Debug|Any CPU = Debug|Any CPU
		Release|Any CPU = Release|Any CPU
	EndGlobalSection
	GlobalSection(ProjectConfigurationPlatforms) = postSolution
		{02087516-9C6D-43FD-A216-9BA56DF3532E}.Debug|Any CPU.ActiveCfg = Debug|Any CPU
		{02087516-9C6D-43FD-A216-9BA56DF3532E}.Debug|Any CPU.Build.0 = Debug|Any CPU
		{02087516-9C6D-43FD-A216-9BA56DF3532E}.Release|Any CPU.ActiveCfg = Release|Any CPU
		{02087516-9C6D-43FD-A216-9BA56DF3532E}.Release|Any CPU.Build.0 = Release|Any CPU
	EndGlobalSection
	GlobalSection(SolutionProperties) = preSolution
		HideSolutionNode = FALSE
	EndGlobalSection
	GlobalSection(ExtensibilityGlobals) = postSolution
		SolutionGuid = {0D33C88C-A8D4-4E4B-A67E-4703544DBD02}
	EndGlobalSection
EndGlobal
